// !$*UTF8*$!
{
	archiveVersion = 1;
	classes = {
	};
	objectVersion = 46;
	objects = {

/* Begin PBXBuildFile section */
		7D777C591EB7A61600C17815 /* AppDelegate.swift in Sources */ = {isa = PBXBuildFile; fileRef = 7D777C581EB7A61600C17815 /* AppDelegate.swift */; };
		7D777C5B1EB7A61600C17815 /* ViewController.swift in Sources */ = {isa = PBXBuildFile; fileRef = 7D777C5A1EB7A61600C17815 /* ViewController.swift */; };
		7D777C5E1EB7A61600C17815 /* Main.storyboard in Resources */ = {isa = PBXBuildFile; fileRef = 7D777C5C1EB7A61600C17815 /* Main.storyboard */; };
		7D777C601EB7A61600C17815 /* Assets.xcassets in Resources */ = {isa = PBXBuildFile; fileRef = 7D777C5F1EB7A61600C17815 /* Assets.xcassets */; };
		7D777C631EB7A61600C17815 /* LaunchScreen.storyboard in Resources */ = {isa = PBXBuildFile; fileRef = 7D777C611EB7A61600C17815 /* LaunchScreen.storyboard */; };
		7D777C6B1EBA609700C17815 /* Minecraft.ttf in Resources */ = {isa = PBXBuildFile; fileRef = 7D777C6A1EBA609700C17815 /* Minecraft.ttf */; };
		7D777C6D1EBA616000C17815 /* btn.wav in Resources */ = {isa = PBXBuildFile; fileRef = 7D777C6C1EBA616000C17815 /* btn.wav */; };
		7D777C711EBA949600C17815 /* mario.mp3 in Resources */ = {isa = PBXBuildFile; fileRef = 7D777C701EBA949600C17815 /* mario.mp3 */; };
		7D777C731EBA97C200C17815 /* Images.xcassets in Resources */ = {isa = PBXBuildFile; fileRef = 7D777C721EBA97C200C17815 /* Images.xcassets */; };
/* End PBXBuildFile section */

/* Begin PBXFileReference section */
		7D777C551EB7A61600C17815 /* retroCalculator.app */ = {isa = PBXFileReference; explicitFileType = wrapper.application; includeInIndex = 0; path = retroCalculator.app; sourceTree = BUILT_PRODUCTS_DIR; };
		7D777C581EB7A61600C17815 /* AppDelegate.swift */ = {isa = PBXFileReference; lastKnownFileType = sourcecode.swift; path = AppDelegate.swift; sourceTree = "<group>"; };
		7D777C5A1EB7A61600C17815 /* ViewController.swift */ = {isa = PBXFileReference; lastKnownFileType = sourcecode.swift; path = ViewController.swift; sourceTree = "<group>"; };
		7D777C5D1EB7A61600C17815 /* Base */ = {isa = PBXFileReference; lastKnownFileType = file.storyboard; name = Base; path = Base.lproj/Main.storyboard; sourceTree = "<group>"; };
		7D777C5F1EB7A61600C17815 /* Assets.xcassets */ = {isa = PBXFileReference; lastKnownFileType = folder.assetcatalog; path = Assets.xcassets; sourceTree = "<group>"; };
		7D777C621EB7A61600C17815 /* Base */ = {isa = PBXFileReference; lastKnownFileType = file.storyboard; name = Base; path = Base.lproj/LaunchScreen.storyboard; sourceTree = "<group>"; };
		7D777C641EB7A61600C17815 /* Info.plist */ = {isa = PBXFileReference; lastKnownFileType = text.plist.xml; path = Info.plist; sourceTree = "<group>"; };
		7D777C6A1EBA609700C17815 /* Minecraft.ttf */ = {isa = PBXFileReference; lastKnownFileType = file; path = Minecraft.ttf; sourceTree = "<group>"; };
		7D777C6C1EBA616000C17815 /* btn.wav */ = {isa = PBXFileReference; lastKnownFileType = audio.wav; path = btn.wav; sourceTree = "<group>"; };
		7D777C701EBA949600C17815 /* mario.mp3 */ = {isa = PBXFileReference; lastKnownFileType = audio.mp3; path = mario.mp3; sourceTree = "<group>"; };
		7D777C721EBA97C200C17815 /* Images.xcassets */ = {isa = PBXFileReference; lastKnownFileType = folder.assetcatalog; path = Images.xcassets; sourceTree = "<group>"; };
/* End PBXFileReference section */

/* Begin PBXFrameworksBuildPhase section */
		7D777C521EB7A61600C17815 /* Frameworks */ = {
			isa = PBXFrameworksBuildPhase;
			buildActionMask = 2147483647;
			files = (
			);
			runOnlyForDeploymentPostprocessing = 0;
		};
/* End PBXFrameworksBuildPhase section */

/* Begin PBXGroup section */
		7D777C4C1EB7A61600C17815 = {
			isa = PBXGroup;
			children = (
				7D777C571EB7A61600C17815 /* retroCalculator */,
				7D777C561EB7A61600C17815 /* Products */,
			);
			sourceTree = "<group>";
		};
		7D777C561EB7A61600C17815 /* Products */ = {
			isa = PBXGroup;
			children = (
				7D777C551EB7A61600C17815 /* retroCalculator.app */,
			);
			name = Products;
			sourceTree = "<group>";
		};
		7D777C571EB7A61600C17815 /* retroCalculator */ = {
			isa = PBXGroup;
			children = (
				7D777C581EB7A61600C17815 /* AppDelegate.swift */,
				7D777C6A1EBA609700C17815 /* Minecraft.ttf */,
				7D777C6C1EBA616000C17815 /* btn.wav */,
				7D777C701EBA949600C17815 /* mario.mp3 */,
				7D777C5A1EB7A61600C17815 /* ViewController.swift */,
				7D777C5C1EB7A61600C17815 /* Main.storyboard */,
				7D777C5F1EB7A61600C17815 /* Assets.xcassets */,
				7D777C611EB7A61600C17815 /* LaunchScreen.storyboard */,
				7D777C641EB7A61600C17815 /* Info.plist */,
				7D777C721EBA97C200C17815 /* Images.xcassets */,
			);
			path = retroCalculator;
			sourceTree = "<group>";
		};
/* End PBXGroup section */

/* Begin PBXNativeTarget section */
		7D777C541EB7A61600C17815 /* retroCalculator */ = {
			isa = PBXNativeTarget;
			buildConfigurationList = 7D777C671EB7A61600C17815 /* Build configuration list for PBXNativeTarget "retroCalculator" */;
			buildPhases = (
				7D777C511EB7A61600C17815 /* Sources */,
				7D777C521EB7A61600C17815 /* Frameworks */,
				7D777C531EB7A61600C17815 /* Resources */,
			);
			buildRules = (
			);
			dependencies = (
			);
			name = retroCalculator;
			productName = retroCalculator;
			productReference = 7D777C551EB7A61600C17815 /* retroCalculator.app */;
			productType = "com.apple.product-type.application";
		};
/* End PBXNativeTarget section */

/* Begin PBXProject section */
		7D777C4D1EB7A61600C17815 /* Project object */ = {
			isa = PBXProject;
			attributes = {
				LastSwiftUpdateCheck = 0830;
				LastUpgradeCheck = 0830;
				ORGANIZATIONNAME = WOLVERINE;
				TargetAttributes = {
					7D777C541EB7A61600C17815 = {
						CreatedOnToolsVersion = 8.3.1;
						DevelopmentTeam = YFZ69CXAAZ;
						ProvisioningStyle = Automatic;
					};
				};
			};
			buildConfigurationList = 7D777C501EB7A61600C17815 /* Build configuration list for PBXProject "retroCalculator" */;
			compatibilityVersion = "Xcode 3.2";
			developmentRegion = English;
			hasScannedForEncodings = 0;
			knownRegions = (
				en,
				Base,
			);
			mainGroup = 7D777C4C1EB7A61600C17815;
			productRefGroup = 7D777C561EB7A61600C17815 /* Products */;
			projectDirPath = "";
			projectRoot = "";
			targets = (
				7D777C541EB7A61600C17815 /* retroCalculator */,
			);
		};
/* End PBXProject section */

/* Begin PBXResourcesBuildPhase section */
		7D777C531EB7A61600C17815 /* Resources */ = {
			isa = PBXResourcesBuildPhase;
			buildActionMask = 2147483647;
			files = (
				7D777C6D1EBA616000C17815 /* btn.wav in Resources */,
				7D777C711EBA949600C17815 /* mario.mp3 in Resources */,
				7D777C731EBA97C200C17815 /* Images.xcassets in Resources */,
				7D777C631EB7A61600C17815 /* LaunchScreen.storyboard in Resources */,
				7D777C601EB7A61600C17815 /* Assets.xcassets in Resources */,
				7D777C6B1EBA609700C17815 /* Minecraft.ttf in Resources */,
				7D777C5E1EB7A61600C17815 /* Main.storyboard in Resources */,
			);
			runOnlyForDeploymentPostprocessing = 0;
		};
/* End PBXResourcesBuildPhase section */

/* Begin PBXSourcesBuildPhase section */
		7D777C511EB7A61600C17815 /* Sources */ = {
			isa = PBXSourcesBuildPhase;
			buildActionMask = 2147483647;
			files = (
				7D777C5B1EB7A61600C17815 /* ViewController.swift in Sources */,
				7D777C591EB7A61600C17815 /* AppDelegate.swift in Sources */,
			);
			runOnlyForDeploymentPostprocessing = 0;
		};
/* End PBXSourcesBuildPhase section */

/* Begin PBXVariantGroup section */
		7D777C5C1EB7A61600C17815 /* Main.storyboard */ = {
			isa = PBXVariantGroup;
			children = (
				7D777C5D1EB7A61600C17815 /* Base */,
			);
			name = Main.storyboard;
			sourceTree = "<group>";
		};
		7D777C611EB7A61600C17815 /* LaunchScreen.storyboard */ = {
			isa = PBXVariantGroup;
			children = (
				7D777C621EB7A61600C17815 /* Base */,
			);
			name = LaunchScreen.storyboard;
			sourceTree = "<group>";
		};
/* End PBXVariantGroup section */

/* Begin XCBuildConfiguration section */
		7D777C651EB7A61600C17815 /* Debug */ = {
			isa = XCBuildConfiguration;
			buildSettings = {
				ALWAYS_SEARCH_USER_PATHS = NO;
				CLANG_ANALYZER_NONNULL = YES;
				CLANG_ANALYZER_NUMBER_OBJECT_CONVERSION = YES_AGGRESSIVE;
				CLANG_CXX_LANGUAGE_STANDARD = "gnu++0x";
				CLANG_CXX_LIBRARY = "libc++";
				CLANG_ENABLE_MODULES = YES;
				CLANG_ENABLE_OBJC_ARC = YES;
				CLANG_WARN_BOOL_CONVERSION = YES;
				CLANG_WARN_CONSTANT_CONVERSION = YES;
				CLANG_WARN_DIRECT_OBJC_ISA_USAGE = YES_ERROR;
				CLANG_WARN_DOCUMENTATION_COMMENTS = YES;
				CLANG_WARN_EMPTY_BODY = YES;
				CLANG_WARN_ENUM_CONVERSION = YES;
				CLANG_WARN_INFINITE_RECURSION = YES;
				CLANG_WARN_INT_CONVERSION = YES;
				CLANG_WARN_OBJC_ROOT_CLASS = YES_ERROR;
				CLANG_WARN_SUSPICIOUS_MOVE = YES;
				CLANG_WARN_UNREACHABLE_CODE = YES;
				CLANG_WARN__DUPLICATE_METHOD_MATCH = YES;
				"CODE_SIGN_IDENTITY[sdk=iphoneos*]" = "iPhone Developer";
				COPY_PHASE_STRIP = NO;
				DEBUG_INFORMATION_FORMAT = dwarf;
				ENABLE_STRICT_OBJC_MSGSEND = YES;
				ENABLE_TESTABILITY = YES;
				GCC_C_LANGUAGE_STANDARD = gnu99;
				GCC_DYNAMIC_NO_PIC = NO;
				GCC_NO_COMMON_BLOCKS = YES;
				GCC_OPTIMIZATION_LEVEL = 0;
				GCC_PREPROCESSOR_DEFINITIONS = (
					"DEBUG=1",
					"$(inherited)",
				);
				GCC_WARN_64_TO_32_BIT_CONVERSION = YES;
				GCC_WARN_ABOUT_RETURN_TYPE = YES_ERROR;
				GCC_WARN_UNDECLARED_SELECTOR = YES;
				GCC_WARN_UNINITIALIZED_AUTOS = YES_AGGRESSIVE;
				GCC_WARN_UNUSED_FUNCTION = YES;
				GCC_WARN_UNUSED_VARIABLE = YES;
				IPHONEOS_DEPLOYMENT_TARGET = 10.3;
				MTL_ENABLE_DEBUG_INFO = YES;
				ONLY_ACTIVE_ARCH = YES;
				SDKROOT = iphoneos;
				SWIFT_ACTIVE_COMPILATION_CONDITIONS = DEBUG;
				SWIFT_OPTIMIZATION_LEVEL = "-Onone";
				TARGETED_DEVICE_FAMILY = "1,2";
			};
			name = Debug;
		};
		7D777C661EB7A61600C17815 /* Release */ = {
			isa = XCBuildConfiguration;
			buildSettings = {
				ALWAYS_SEARCH_USER_PATHS = NO;
				CLANG_ANALYZER_NONNULL = YES;
				CLANG_ANALYZER_NUMBER_OBJECT_CONVERSION = YES_AGGRESSIVE;
				CLANG_CXX_LANGUAGE_STANDARD = "gnu++0x";
				CLANG_CXX_LIBRARY = "libc++";
				CLANG_ENABLE_MODULES = YES;
				CLANG_ENABLE_OBJC_ARC = YES;
				CLANG_WARN_BOOL_CONVERSION = YES;
				CLANG_WARN_CONSTANT_CONVERSION = YES;
				CLANG_WARN_DIRECT_OBJC_ISA_USAGE = YES_ERROR;
				CLANG_WARN_DOCUMENTATION_COMMENTS = YES;
				CLANG_WARN_EMPTY_BODY = YES;
				CLANG_WARN_ENUM_CONVERSION = YES;
				CLANG_WARN_INFINITE_RECURSION = YES;
				CLANG_WARN_INT_CONVERSION = YES;
				CLANG_WARN_OBJC_ROOT_CLASS = YES_ERROR;
				CLANG_WARN_SUSPICIOUS_MOVE = YES;
				CLANG_WARN_UNREACHABLE_CODE = YES;
				CLANG_WARN__DUPLICATE_METHOD_MATCH = YES;
				"CODE_SIGN_IDENTITY[sdk=iphoneos*]" = "iPhone Developer";
				COPY_PHASE_STRIP = NO;
				DEBUG_INFORMATION_FORMAT = "dwarf-with-dsym";
				ENABLE_NS_ASSERTIONS = NO;
				ENABLE_STRICT_OBJC_MSGSEND = YES;
				GCC_C_LANGUAGE_STANDARD = gnu99;
				GCC_NO_COMMON_BLOCKS = YES;
				GCC_WARN_64_TO_32_BIT_CONVERSION = YES;
				GCC_WARN_ABOUT_RETURN_TYPE = YES_ERROR;
				GCC_WARN_UNDECLARED_SELECTOR = YES;
				GCC_WARN_UNINITIALIZED_AUTOS = YES_AGGRESSIVE;
				GCC_WARN_UNUSED_FUNCTION = YES;
				GCC_WARN_UNUSED_VARIABLE = YES;
				IPHONEOS_DEPLOYMENT_TARGET = 10.3;
				MTL_ENABLE_DEBUG_INFO = NO;
				SDKROOT = iphoneos;
				SWIFT_OPTIMIZATION_LEVEL = "-Owholemodule";
				TARGETED_DEVICE_FAMILY = "1,2";
				VALIDATE_PRODUCT = YES;
			};
			name = Release;
		};
		7D777C681EB7A61600C17815 /* Debug */ = {
			isa = XCBuildConfiguration;
			buildSettings = {
				ASSETCATALOG_COMPILER_APPICON_NAME = AppIcon;
				DEVELOPMENT_TEAM = YFZ69CXAAZ;
				INFOPLIST_FILE = retroCalculator/Info.plist;
				LD_RUNPATH_SEARCH_PATHS = "$(inherited) @executable_path/Frameworks";
				PRODUCT_BUNDLE_IDENTIFIER = wolverine.retroCalculator;
				PRODUCT_NAME = "$(TARGET_NAME)";
				SWIFT_VERSION = 3.0;
			};
			name = Debug;
		};
		7D777C691EB7A61600C17815 /* Release */ = {
			isa = XCBuildConfiguration;
			buildSettings = {
				ASSETCATALOG_COMPILER_APPICON_NAME = AppIcon;
				DEVELOPMENT_TEAM = YFZ69CXAAZ;
				INFOPLIST_FILE = retroCalculator/Info.plist;
				LD_RUNPATH_SEARCH_PATHS = "$(inherited) @executable_path/Frameworks";
				PRODUCT_BUNDLE_IDENTIFIER = wolverine.retroCalculator;
				PRODUCT_NAME = "$(TARGET_NAME)";
				SWIFT_VERSION = 3.0;
			};
			name = Release;
		};
/* End XCBuildConfiguration section */

/* Begin XCConfigurationList section */
		7D777C501EB7A61600C17815 /* Build configuration list for PBXProject "retroCalculator" */ = {
			isa = XCConfigurationList;
			buildConfigurations = (
				7D777C651EB7A61600C17815 /* Debug */,
				7D777C661EB7A61600C17815 /* Release */,
			);
			defaultConfigurationIsVisible = 0;
			defaultConfigurationName = Release;
		};
		7D777C671EB7A61600C17815 /* Build configuration list for PBXNativeTarget "retroCalculator" */ = {
			isa = XCConfigurationList;
			buildConfigurations = (
				7D777C681EB7A61600C17815 /* Debug */,
				7D777C691EB7A61600C17815 /* Release */,
			);
			defaultConfigurationIsVisible = 0;
			defaultConfigurationName = Release;
		};
/* End XCConfigurationList section */
	};
	rootObject = 7D777C4D1EB7A61600C17815 /* Project object */;
}
